
Microsoft Visual Studio Solution File, Format Version 12.00
# Visual Studio Version 16
VisualStudioVersion = 16.0.30907.101
MinimumVisualStudioVersion = 10.0.40219.1
Project("{2150E333-8FDC-42A3-9474-1A3956D46DE8}") = "1.API", "1.API", "{76D16566-1432-4BF1-877C-4001C78EECF4}"
EndProject
Project("{2150E333-8FDC-42A3-9474-1A3956D46DE8}") = "2. DCL", "2. DCL", "{EB2751DA-0DFA-41D5-8D6B-A1061D71C7DA}"
EndProject
Project("{2150E333-8FDC-42A3-9474-1A3956D46DE8}") = "3.DAL", "3.DAL", "{34E7D70E-B6E2-4190-B9AB-60C6D24CCC3C}"
EndProject
Project("{2150E333-8FDC-42A3-9474-1A3956D46DE8}") = "4.DTO", "4.DTO", "{30F6EFEF-1D3E-4415-8ADC-FD944D0E1091}"
EndProject
Project("{9A19103F-16F7-4668-BE54-9A1E7A4F7556}") = "RegistroNotas.API", "RegistroNotas\1. API\RegistroNotas.API\RegistroNotas.API.csproj", "{F89D7106-A842-4B1F-A917-9810927905B6}"
EndProject
Project("{9A19103F-16F7-4668-BE54-9A1E7A4F7556}") = "RegistroNotas.Negocio", "RegistroNotas\2. DCL\RegistroNotas.Negocio\RegistroNotas.Negocio.csproj", "{2C68F8E5-34C8-45C3-8146-AC96F40B9CF4}"
EndProject
Project("{9A19103F-16F7-4668-BE54-9A1E7A4F7556}") = "RegistroNotas.Datos", "RegistroNotas\3. DAL\RegistroNotas.Datos\RegistroNotas.Datos.csproj", "{36CB5F93-9407-4D5B-828D-F7C5C684CAA4}"
EndProject
Project("{9A19103F-16F7-4668-BE54-9A1E7A4F7556}") = "RegistroNotas.IC", "RegistroNotas\4. CL\RegistroNotas.IC\RegistroNotas.IC.csproj", "{D8A6D519-9479-4E9C-9CF2-851C21AFD5A4}"
EndProject
Global
	GlobalSection(SolutionConfigurationPlatforms) = preSolution
		Debug|Any CPU = Debug|Any CPU
		Release|Any CPU = Release|Any CPU
	EndGlobalSection
	GlobalSection(ProjectConfigurationPlatforms) = postSolution
		{F89D7106-A842-4B1F-A917-9810927905B6}.Debug|Any CPU.ActiveCfg = Debug|Any CPU
		{F89D7106-A842-4B1F-A917-9810927905B6}.Debug|Any CPU.Build.0 = Debug|Any CPU
		{F89D7106-A842-4B1F-A917-9810927905B6}.Release|Any CPU.ActiveCfg = Release|Any CPU
		{F89D7106-A842-4B1F-A917-9810927905B6}.Release|Any CPU.Build.0 = Release|Any CPU
		{2C68F8E5-34C8-45C3-8146-AC96F40B9CF4}.Debug|Any CPU.ActiveCfg = Debug|Any CPU
		{2C68F8E5-34C8-45C3-8146-AC96F40B9CF4}.Debug|Any CPU.Build.0 = Debug|Any CPU
		{2C68F8E5-34C8-45C3-8146-AC96F40B9CF4}.Release|Any CPU.ActiveCfg = Release|Any CPU
		{2C68F8E5-34C8-45C3-8146-AC96F40B9CF4}.Release|Any CPU.Build.0 = Release|Any CPU
		{36CB5F93-9407-4D5B-828D-F7C5C684CAA4}.Debug|Any CPU.ActiveCfg = Debug|Any CPU
		{36CB5F93-9407-4D5B-828D-F7C5C684CAA4}.Debug|Any CPU.Build.0 = Debug|Any CPU
		{36CB5F93-9407-4D5B-828D-F7C5C684CAA4}.Release|Any CPU.ActiveCfg = Release|Any CPU
		{36CB5F93-9407-4D5B-828D-F7C5C684CAA4}.Release|Any CPU.Build.0 = Release|Any CPU
		{D8A6D519-9479-4E9C-9CF2-851C21AFD5A4}.Debug|Any CPU.ActiveCfg = Debug|Any CPU
		{D8A6D519-9479-4E9C-9CF2-851C21AFD5A4}.Debug|Any CPU.Build.0 = Debug|Any CPU
		{D8A6D519-9479-4E9C-9CF2-851C21AFD5A4}.Release|Any CPU.ActiveCfg = Release|Any CPU
		{D8A6D519-9479-4E9C-9CF2-851C21AFD5A4}.Release|Any CPU.Build.0 = Release|Any CPU
	EndGlobalSection
	GlobalSection(SolutionProperties) = preSolution
		HideSolutionNode = FALSE
	EndGlobalSection
	GlobalSection(NestedProjects) = preSolution
		{F89D7106-A842-4B1F-A917-9810927905B6} = {76D16566-1432-4BF1-877C-4001C78EECF4}
		{2C68F8E5-34C8-45C3-8146-AC96F40B9CF4} = {EB2751DA-0DFA-41D5-8D6B-A1061D71C7DA}
		{36CB5F93-9407-4D5B-828D-F7C5C684CAA4} = {34E7D70E-B6E2-4190-B9AB-60C6D24CCC3C}
		{D8A6D519-9479-4E9C-9CF2-851C21AFD5A4} = {30F6EFEF-1D3E-4415-8ADC-FD944D0E1091}
	EndGlobalSection
	GlobalSection(ExtensibilityGlobals) = postSolution
		SolutionGuid = {4275A6A7-7F57-4839-82CE-F9AEC6C9EA74}
	EndGlobalSection
EndGlobal
